
Microsoft Visual Studio Solution File, Format Version 12.00
# Visual Studio Version 17
VisualStudioVersion = 17.10.35122.118
MinimumVisualStudioVersion = 10.0.40219.1
Project("{FAE04EC0-301F-11D3-BF4B-00C04F79EFBC}") = "login", "login.csproj", "{B75C2A50-3D84-4165-A302-C1CC14AFDA48}"
EndProject
Project("{FAE04EC0-301F-11D3-BF4B-00C04F79EFBC}") = "Cadastro", "..\..\..\253\Cadastro\Cadastro.csproj", "{F2DC0F17-009B-43E8-A282-5286AE6C6518}"
EndProject
Global
	GlobalSection(SolutionConfigurationPlatforms) = preSolution
		Debug|Any CPU = Debug|Any CPU
		Release|Any CPU = Release|Any CPU
	EndGlobalSection
	GlobalSection(ProjectConfigurationPlatforms) = postSolution
		{B75C2A50-3D84-4165-A302-C1CC14AFDA48}.Debug|Any CPU.ActiveCfg = Debug|Any CPU
		{B75C2A50-3D84-4165-A302-C1CC14AFDA48}.Debug|Any CPU.Build.0 = Debug|Any CPU
		{B75C2A50-3D84-4165-A302-C1CC14AFDA48}.Release|Any CPU.ActiveCfg = Release|Any CPU
		{B75C2A50-3D84-4165-A302-C1CC14AFDA48}.Release|Any CPU.Build.0 = Release|Any CPU
		{F2DC0F17-009B-43E8-A282-5286AE6C6518}.Debug|Any CPU.ActiveCfg = Debug|Any CPU
		{F2DC0F17-009B-43E8-A282-5286AE6C6518}.Debug|Any CPU.Build.0 = Debug|Any CPU
		{F2DC0F17-009B-43E8-A282-5286AE6C6518}.Release|Any CPU.ActiveCfg = Release|Any CPU
		{F2DC0F17-009B-43E8-A282-5286AE6C6518}.Release|Any CPU.Build.0 = Release|Any CPU
	EndGlobalSection
	GlobalSection(SolutionProperties) = preSolution
		HideSolutionNode = FALSE
	EndGlobalSection
	GlobalSection(ExtensibilityGlobals) = postSolution
		SolutionGuid = {89186EAD-00F7-4B99-8F3B-7CB66E110256}
	EndGlobalSection
EndGlobal
